// !$*UTF8*$!
{
	archiveVersion = 1;
	classes = {
	};
	objectVersion = 56;
	objects = {

/* Begin PBXBuildFile section */
		65987A702ADC3C9600522C52 /* Preview Content in Resources */ = {isa = PBXBuildFile; fileRef = 65987A6E2ADC3C9600522C52 /* Preview Content */; };
		65B165E32AD31EEC00367146 /* uppgift_3App.swift in Sources */ = {isa = PBXBuildFile; fileRef = 65B165E22AD31EEC00367146 /* uppgift_3App.swift */; };
		65B165E52AD31EEC00367146 /* ContentView.swift in Sources */ = {isa = PBXBuildFile; fileRef = 65B165E42AD31EEC00367146 /* ContentView.swift */; };
		65B165E72AD31EEE00367146 /* Assets.xcassets in Resources */ = {isa = PBXBuildFile; fileRef = 65B165E62AD31EEE00367146 /* Assets.xcassets */; };
		65B1660D2AD3250700367146 /* FruitView.swift in Sources */ = {isa = PBXBuildFile; fileRef = 65B1660C2AD3250700367146 /* FruitView.swift */; };
/* End PBXBuildFile section */

/* Begin PBXContainerItemProxy section */
		65B165F02AD31EEE00367146 /* PBXContainerItemProxy */ = {
			isa = PBXContainerItemProxy;
			containerPortal = 65B165D72AD31EEC00367146 /* Project object */;
			proxyType = 1;
			remoteGlobalIDString = 65B165DE2AD31EEC00367146;
			remoteInfo = "uppgift-3";
		};
		65B165FA2AD31EEE00367146 /* PBXContainerItemProxy */ = {
			isa = PBXContainerItemProxy;
			containerPortal = 65B165D72AD31EEC00367146 /* Project object */;
			proxyType = 1;
			remoteGlobalIDString = 65B165DE2AD31EEC00367146;
			remoteInfo = "uppgift-3";
		};
/* End PBXContainerItemProxy section */

/* Begin PBXFileReference section */
		65987A6E2ADC3C9600522C52 /* Preview Content */ = {isa = PBXFileReference; lastKnownFileType = folder; path = "Preview Content"; sourceTree = "<group>"; };
		65B165DF2AD31EEC00367146 /* uppgift-3.app */ = {isa = PBXFileReference; explicitFileType = wrapper.application; includeInIndex = 0; path = "uppgift-3.app"; sourceTree = BUILT_PRODUCTS_DIR; };
		65B165E22AD31EEC00367146 /* uppgift_3App.swift */ = {isa = PBXFileReference; lastKnownFileType = sourcecode.swift; path = uppgift_3App.swift; sourceTree = "<group>"; };
		65B165E42AD31EEC00367146 /* ContentView.swift */ = {isa = PBXFileReference; lastKnownFileType = sourcecode.swift; path = ContentView.swift; sourceTree = "<group>"; };
		65B165E62AD31EEE00367146 /* Assets.xcassets */ = {isa = PBXFileReference; lastKnownFileType = folder.assetcatalog; path = Assets.xcassets; sourceTree = "<group>"; };
		65B165EF2AD31EEE00367146 /* uppgift-3Tests.xctest */ = {isa = PBXFileReference; explicitFileType = wrapper.cfbundle; includeInIndex = 0; path = "uppgift-3Tests.xctest"; sourceTree = BUILT_PRODUCTS_DIR; };
		65B165F92AD31EEE00367146 /* uppgift-3UITests.xctest */ = {isa = PBXFileReference; explicitFileType = wrapper.cfbundle; includeInIndex = 0; path = "uppgift-3UITests.xctest"; sourceTree = BUILT_PRODUCTS_DIR; };
		65B1660C2AD3250700367146 /* FruitView.swift */ = {isa = PBXFileReference; lastKnownFileType = sourcecode.swift; path = FruitView.swift; sourceTree = "<group>"; };
/* End PBXFileReference section */

/* Begin PBXFrameworksBuildPhase section */
		65B165DC2AD31EEC00367146 /* Frameworks */ = {
			isa = PBXFrameworksBuildPhase;
			buildActionMask = 2147483647;
			files = (
			);
			runOnlyForDeploymentPostprocessing = 0;
		};
		65B165EC2AD31EEE00367146 /* Frameworks */ = {
			isa = PBXFrameworksBuildPhase;
			buildActionMask = 2147483647;
			files = (
			);
			runOnlyForDeploymentPostprocessing = 0;
		};
		65B165F62AD31EEE00367146 /* Frameworks */ = {
			isa = PBXFrameworksBuildPhase;
			buildActionMask = 2147483647;
			files = (
			);
			runOnlyForDeploymentPostprocessing = 0;
		};
/* End PBXFrameworksBuildPhase section */

/* Begin PBXGroup section */
		65B165D62AD31EEC00367146 = {
			isa = PBXGroup;
			children = (
				65B165E12AD31EEC00367146 /* uppgift-3 */,
				65B165E02AD31EEC00367146 /* Products */,
			);
			sourceTree = "<group>";
		};
		65B165E02AD31EEC00367146 /* Products */ = {
			isa = PBXGroup;
			children = (
				65B165DF2AD31EEC00367146 /* uppgift-3.app */,
				65B165EF2AD31EEE00367146 /* uppgift-3Tests.xctest */,
				65B165F92AD31EEE00367146 /* uppgift-3UITests.xctest */,
			);
			name = Products;
			sourceTree = "<group>";
		};
		65B165E12AD31EEC00367146 /* uppgift-3 */ = {
			isa = PBXGroup;
			children = (
				65987A6E2ADC3C9600522C52 /* Preview Content */,
				65B165E22AD31EEC00367146 /* uppgift_3App.swift */,
				65B165E42AD31EEC00367146 /* ContentView.swift */,
				65B1660C2AD3250700367146 /* FruitView.swift */,
				65B165E62AD31EEE00367146 /* Assets.xcassets */,
			);
			path = "uppgift-3";
			sourceTree = "<group>";
		};
/* End PBXGroup section */

/* Begin PBXNativeTarget section */
		65B165DE2AD31EEC00367146 /* uppgift-3 */ = {
			isa = PBXNativeTarget;
			buildConfigurationList = 65B166032AD31EEE00367146 /* Build configuration list for PBXNativeTarget "uppgift-3" */;
			buildPhases = (
				65B165DB2AD31EEC00367146 /* Sources */,
				65B165DC2AD31EEC00367146 /* Frameworks */,
				65B165DD2AD31EEC00367146 /* Resources */,
			);
			buildRules = (
			);
			dependencies = (
			);
			name = "uppgift-3";
			productName = "uppgift-3";
			productReference = 65B165DF2AD31EEC00367146 /* uppgift-3.app */;
			productType = "com.apple.product-type.application";
		};
		65B165EE2AD31EEE00367146 /* uppgift-3Tests */ = {
			isa = PBXNativeTarget;
			buildConfigurationList = 65B166062AD31EEE00367146 /* Build configuration list for PBXNativeTarget "uppgift-3Tests" */;
			buildPhases = (
				65B165EB2AD31EEE00367146 /* Sources */,
				65B165EC2AD31EEE00367146 /* Frameworks */,
				65B165ED2AD31EEE00367146 /* Resources */,
			);
			buildRules = (
			);
			dependencies = (
				65B165F12AD31EEE00367146 /* PBXTargetDependency */,
			);
			name = "uppgift-3Tests";
			productName = "uppgift-3Tests";
			productReference = 65B165EF2AD31EEE00367146 /* uppgift-3Tests.xctest */;
			productType = "com.apple.product-type.bundle.unit-test";
		};
		65B165F82AD31EEE00367146 /* uppgift-3UITests */ = {
			isa = PBXNativeTarget;
			buildConfigurationList = 65B166092AD31EEE00367146 /* Build configuration list for PBXNativeTarget "uppgift-3UITests" */;
			buildPhases = (
				65B165F52AD31EEE00367146 /* Sources */,
				65B165F62AD31EEE00367146 /* Frameworks */,
				65B165F72AD31EEE00367146 /* Resources */,
			);
			buildRules = (
			);
			dependencies = (
				65B165FB2AD31EEE00367146 /* PBXTargetDependency */,
			);
			name = "uppgift-3UITests";
			productName = "uppgift-3UITests";
			productReference = 65B165F92AD31EEE00367146 /* uppgift-3UITests.xctest */;
			productType = "com.apple.product-type.bundle.ui-testing";
		};
/* End PBXNativeTarget section */

/* Begin PBXProject section */
		65B165D72AD31EEC00367146 /* Project object */ = {
			isa = PBXProject;
			attributes = {
				BuildIndependentTargetsInParallel = 1;
				LastSwiftUpdateCheck = 1500;
				LastUpgradeCheck = 1500;
				TargetAttributes = {
					65B165DE2AD31EEC00367146 = {
						CreatedOnToolsVersion = 15.0;
					};
					65B165EE2AD31EEE00367146 = {
						CreatedOnToolsVersion = 15.0;
						TestTargetID = 65B165DE2AD31EEC00367146;
					};
					65B165F82AD31EEE00367146 = {
						CreatedOnToolsVersion = 15.0;
						TestTargetID = 65B165DE2AD31EEC00367146;
					};
				};
			};
			buildConfigurationList = 65B165DA2AD31EEC00367146 /* Build configuration list for PBXProject "uppgift-3" */;
			compatibilityVersion = "Xcode 14.0";
			developmentRegion = en;
			hasScannedForEncodings = 0;
			knownRegions = (
				en,
				Base,
			);
			mainGroup = 65B165D62AD31EEC00367146;
			productRefGroup = 65B165E02AD31EEC00367146 /* Products */;
			projectDirPath = "";
			projectRoot = "";
			targets = (
				65B165DE2AD31EEC00367146 /* uppgift-3 */,
				65B165EE2AD31EEE00367146 /* uppgift-3Tests */,
				65B165F82AD31EEE00367146 /* uppgift-3UITests */,
			);
		};
/* End PBXProject section */

/* Begin PBXResourcesBuildPhase section */
		65B165DD2AD31EEC00367146 /* Resources */ = {
			isa = PBXResourcesBuildPhase;
			buildActionMask = 2147483647;
			files = (
				65987A702ADC3C9600522C52 /* Preview Content in Resources */,
				65B165E72AD31EEE00367146 /* Assets.xcassets in Resources */,
			);
			runOnlyForDeploymentPostprocessing = 0;
		};
		65B165ED2AD31EEE00367146 /* Resources */ = {
			isa = PBXResourcesBuildPhase;
			buildActionMask = 2147483647;
			files = (
			);
			runOnlyForDeploymentPostprocessing = 0;
		};
		65B165F72AD31EEE00367146 /* Resources */ = {
			isa = PBXResourcesBuildPhase;
			buildActionMask = 2147483647;
			files = (
			);
			runOnlyForDeploymentPostprocessing = 0;
		};
/* End PBXResourcesBuildPhase section */

/* Begin PBXSourcesBuildPhase section */
		65B165DB2AD31EEC00367146 /* Sources */ = {
			isa = PBXSourcesBuildPhase;
			buildActionMask = 2147483647;
			files = (
				65B165E52AD31EEC00367146 /* ContentView.swift in Sources */,
				65B1660D2AD3250700367146 /* FruitView.swift in Sources */,
				65B165E32AD31EEC00367146 /* uppgift_3App.swift in Sources */,
			);
			runOnlyForDeploymentPostprocessing = 0;
		};
		65B165EB2AD31EEE00367146 /* Sources */ = {
			isa = PBXSourcesBuildPhase;
			buildActionMask = 2147483647;
			files = (
			);
			runOnlyForDeploymentPostprocessing = 0;
		};
		65B165F52AD31EEE00367146 /* Sources */ = {
			isa = PBXSourcesBuildPhase;
			buildActionMask = 2147483647;
			files = (
			);
			runOnlyForDeploymentPostprocessing = 0;
		};
/* End PBXSourcesBuildPhase section */

/* Begin PBXTargetDependency section */
		65B165F12AD31EEE00367146 /* PBXTargetDependency */ = {
			isa = PBXTargetDependency;
			target = 65B165DE2AD31EEC00367146 /* uppgift-3 */;
			targetProxy = 65B165F02AD31EEE00367146 /* PBXContainerItemProxy */;
		};
		65B165FB2AD31EEE00367146 /* PBXTargetDependency */ = {
			isa = PBXTargetDependency;
			target = 65B165DE2AD31EEC00367146 /* uppgift-3 */;
			targetProxy = 65B165FA2AD31EEE00367146 /* PBXContainerItemProxy */;
		};
/* End PBXTargetDependency section */

/* Begin XCBuildConfiguration section */
		65B166012AD31EEE00367146 /* Debug */ = {
			isa = XCBuildConfiguration;
			buildSettings = {
				ALWAYS_SEARCH_USER_PATHS = NO;
				ASSETCATALOG_COMPILER_GENERATE_SWIFT_ASSET_SYMBOL_EXTENSIONS = YES;
				CLANG_ANALYZER_NONNULL = YES;
				CLANG_ANALYZER_NUMBER_OBJECT_CONVERSION = YES_AGGRESSIVE;
				CLANG_CXX_LANGUAGE_STANDARD = "gnu++20";
				CLANG_ENABLE_MODULES = YES;
				CLANG_ENABLE_OBJC_ARC = YES;
				CLANG_ENABLE_OBJC_WEAK = YES;
				CLANG_WARN_BLOCK_CAPTURE_AUTORELEASING = YES;
				CLANG_WARN_BOOL_CONVERSION = YES;
				CLANG_WARN_COMMA = YES;
				CLANG_WARN_CONSTANT_CONVERSION = YES;
				CLANG_WARN_DEPRECATED_OBJC_IMPLEMENTATIONS = YES;
				CLANG_WARN_DIRECT_OBJC_ISA_USAGE = YES_ERROR;
				CLANG_WARN_DOCUMENTATION_COMMENTS = YES;
				CLANG_WARN_EMPTY_BODY = YES;
				CLANG_WARN_ENUM_CONVERSION = YES;
				CLANG_WARN_INFINITE_RECURSION = YES;
				CLANG_WARN_INT_CONVERSION = YES;
				CLANG_WARN_NON_LITERAL_NULL_CONVERSION = YES;
				CLANG_WARN_OBJC_IMPLICIT_RETAIN_SELF = YES;
				CLANG_WARN_OBJC_LITERAL_CONVERSION = YES;
				CLANG_WARN_OBJC_ROOT_CLASS = YES_ERROR;
				CLANG_WARN_QUOTED_INCLUDE_IN_FRAMEWORK_HEADER = YES;
				CLANG_WARN_RANGE_LOOP_ANALYSIS = YES;
				CLANG_WARN_STRICT_PROTOTYPES = YES;
				CLANG_WARN_SUSPICIOUS_MOVE = YES;
				CLANG_WARN_UNGUARDED_AVAILABILITY = YES_AGGRESSIVE;
				CLANG_WARN_UNREACHABLE_CODE = YES;
				CLANG_WARN__DUPLICATE_METHOD_MATCH = YES;
				COPY_PHASE_STRIP = NO;
				DEBUG_INFORMATION_FORMAT = dwarf;
				ENABLE_STRICT_OBJC_MSGSEND = YES;
				ENABLE_TESTABILITY = YES;
				ENABLE_USER_SCRIPT_SANDBOXING = YES;
				GCC_C_LANGUAGE_STANDARD = gnu17;
				GCC_DYNAMIC_NO_PIC = NO;
				GCC_NO_COMMON_BLOCKS = YES;
				GCC_OPTIMIZATION_LEVEL = 0;
				GCC_PREPROCESSOR_DEFINITIONS = (
					"DEBUG=1",
					"$(inherited)",
				);
				GCC_WARN_64_TO_32_BIT_CONVERSION = YES;
				GCC_WARN_ABOUT_RETURN_TYPE = YES_ERROR;
				GCC_WARN_UNDECLARED_SELECTOR = YES;
				GCC_WARN_UNINITIALIZED_AUTOS = YES_AGGRESSIVE;
				GCC_WARN_UNUSED_FUNCTION = YES;
				GCC_WARN_UNUSED_VARIABLE = YES;
				IPHONEOS_DEPLOYMENT_TARGET = 17.0;
				LOCALIZATION_PREFERS_STRING_CATALOGS = YES;
				MTL_ENABLE_DEBUG_INFO = INCLUDE_SOURCE;
				MTL_FAST_MATH = YES;
				ONLY_ACTIVE_ARCH = YES;
				SDKROOT = iphoneos;
				SWIFT_ACTIVE_COMPILATION_CONDITIONS = "DEBUG $(inherited)";
				SWIFT_OPTIMIZATION_LEVEL = "-Onone";
			};
			name = Debug;
		};
		65B166022AD31EEE00367146 /* Release */ = {
			isa = XCBuildConfiguration;
			buildSettings = {
				ALWAYS_SEARCH_USER_PATHS = NO;
				ASSETCATALOG_COMPILER_GENERATE_SWIFT_ASSET_SYMBOL_EXTENSIONS = YES;
				CLANG_ANALYZER_NONNULL = YES;
				CLANG_ANALYZER_NUMBER_OBJECT_CONVERSION = YES_AGGRESSIVE;
				CLANG_CXX_LANGUAGE_STANDARD = "gnu++20";
				CLANG_ENABLE_MODULES = YES;
				CLANG_ENABLE_OBJC_ARC = YES;
				CLANG_ENABLE_OBJC_WEAK = YES;
				CLANG_WARN_BLOCK_CAPTURE_AUTORELEASING = YES;
				CLANG_WARN_BOOL_CONVERSION = YES;
				CLANG_WARN_COMMA = YES;
				CLANG_WARN_CONSTANT_CONVERSION = YES;
				CLANG_WARN_DEPRECATED_OBJC_IMPLEMENTATIONS = YES;
				CLANG_WARN_DIRECT_OBJC_ISA_USAGE = YES_ERROR;
				CLANG_WARN_DOCUMENTATION_COMMENTS = YES;
				CLANG_WARN_EMPTY_BODY = YES;
				CLANG_WARN_ENUM_CONVERSION = YES;
				CLANG_WARN_INFINITE_RECURSION = YES;
				CLANG_WARN_INT_CONVERSION = YES;
				CLANG_WARN_NON_LITERAL_NULL_CONVERSION = YES;
				CLANG_WARN_OBJC_IMPLICIT_RETAIN_SELF = YES;
				CLANG_WARN_OBJC_LITERAL_CONVERSION = YES;
				CLANG_WARN_OBJC_ROOT_CLASS = YES_ERROR;
				CLANG_WARN_QUOTED_INCLUDE_IN_FRAMEWORK_HEADER = YES;
				CLANG_WARN_RANGE_LOOP_ANALYSIS = YES;
				CLANG_WARN_STRICT_PROTOTYPES = YES;
				CLANG_WARN_SUSPICIOUS_MOVE = YES;
				CLANG_WARN_UNGUARDED_AVAILABILITY = YES_AGGRESSIVE;
				CLANG_WARN_UNREACHABLE_CODE = YES;
				CLANG_WARN__DUPLICATE_METHOD_MATCH = YES;
				COPY_PHASE_STRIP = NO;
				DEBUG_INFORMATION_FORMAT = "dwarf-with-dsym";
				ENABLE_NS_ASSERTIONS = NO;
				ENABLE_STRICT_OBJC_MSGSEND = YES;
				ENABLE_USER_SCRIPT_SANDBOXING = YES;
				GCC_C_LANGUAGE_STANDARD = gnu17;
				GCC_NO_COMMON_BLOCKS = YES;
				GCC_WARN_64_TO_32_BIT_CONVERSION = YES;
				GCC_WARN_ABOUT_RETURN_TYPE = YES_ERROR;
				GCC_WARN_UNDECLARED_SELECTOR = YES;
				GCC_WARN_UNINITIALIZED_AUTOS = YES_AGGRESSIVE;
				GCC_WARN_UNUSED_FUNCTION = YES;
				GCC_WARN_UNUSED_VARIABLE = YES;
				IPHONEOS_DEPLOYMENT_TARGET = 17.0;
				LOCALIZATION_PREFERS_STRING_CATALOGS = YES;
				MTL_ENABLE_DEBUG_INFO = NO;
				MTL_FAST_MATH = YES;
				SDKROOT = iphoneos;
				SWIFT_COMPILATION_MODE = wholemodule;
				VALIDATE_PRODUCT = YES;
			};
			name = Release;
		};
		65B166042AD31EEE00367146 /* Debug */ = {
			isa = XCBuildConfiguration;
			buildSettings = {
				ASSETCATALOG_COMPILER_APPICON_NAME = AppIcon;
				ASSETCATALOG_COMPILER_GLOBAL_ACCENT_COLOR_NAME = AccentColor;
				CODE_SIGN_STYLE = Automatic;
				CURRENT_PROJECT_VERSION = 1;
				DEVELOPMENT_ASSET_PATHS = "\"uppgift-3/Preview Content\"";
				ENABLE_PREVIEWS = YES;
				GENERATE_INFOPLIST_FILE = YES;
				INFOPLIST_KEY_UIApplicationSceneManifest_Generation = YES;
				INFOPLIST_KEY_UIApplicationSupportsIndirectInputEvents = YES;
				INFOPLIST_KEY_UILaunchScreen_Generation = YES;
				INFOPLIST_KEY_UISupportedInterfaceOrientations_iPad = "UIInterfaceOrientationPortrait UIInterfaceOrientationPortraitUpsideDown UIInterfaceOrientationLandscapeLeft UIInterfaceOrientationLandscapeRight";
				INFOPLIST_KEY_UISupportedInterfaceOrientations_iPhone = "UIInterfaceOrientationPortrait UIInterfaceOrientationLandscapeLeft UIInterfaceOrientationLandscapeRight";
				LD_RUNPATH_SEARCH_PATHS = (
					"$(inherited)",
					"@executable_path/Frameworks",
				);
				MARKETING_VERSION = 1.0;
				PRODUCT_BUNDLE_IDENTIFIER = "se.alym.uppgift-3";
				PRODUCT_NAME = "$(TARGET_NAME)";
				SWIFT_EMIT_LOC_STRINGS = YES;
				SWIFT_VERSION = 5.0;
				TARGETED_DEVICE_FAMILY = "1,2";
			};
			name = Debug;
		};
		65B166052AD31EEE00367146 /* Release */ = {
			isa = XCBuildConfiguration;
			buildSettings = {
				ASSETCATALOG_COMPILER_APPICON_NAME = AppIcon;
				ASSETCATALOG_COMPILER_GLOBAL_ACCENT_COLOR_NAME = AccentColor;
				CODE_SIGN_STYLE = Automatic;
				CURRENT_PROJECT_VERSION = 1;
				DEVELOPMENT_ASSET_PATHS = "\"uppgift-3/Preview Content\"";
				ENABLE_PREVIEWS = YES;
				GENERATE_INFOPLIST_FILE = YES;
				INFOPLIST_KEY_UIApplicationSceneManifest_Generation = YES;
				INFOPLIST_KEY_UIApplicationSupportsIndirectInputEvents = YES;
				INFOPLIST_KEY_UILaunchScreen_Generation = YES;
				INFOPLIST_KEY_UISupportedInterfaceOrientations_iPad = "UIInterfaceOrientationPortrait UIInterfaceOrientationPortraitUpsideDown UIInterfaceOrientationLandscapeLeft UIInterfaceOrientationLandscapeRight";
				INFOPLIST_KEY_UISupportedInterfaceOrientations_iPhone = "UIInterfaceOrientationPortrait UIInterfaceOrientationLandscapeLeft UIInterfaceOrientationLandscapeRight";
				LD_RUNPATH_SEARCH_PATHS = (
					"$(inherited)",
					"@executable_path/Frameworks",
				);
				MARKETING_VERSION = 1.0;
				PRODUCT_BUNDLE_IDENTIFIER = "se.alym.uppgift-3";
				PRODUCT_NAME = "$(TARGET_NAME)";
				SWIFT_EMIT_LOC_STRINGS = YES;
				SWIFT_VERSION = 5.0;
				TARGETED_DEVICE_FAMILY = "1,2";
			};
			name = Release;
		};
		65B166072AD31EEE00367146 /* Debug */ = {
			isa = XCBuildConfiguration;
			buildSettings = {
				ALWAYS_EMBED_SWIFT_STANDARD_LIBRARIES = YES;
				BUNDLE_LOADER = "$(TEST_HOST)";
				CODE_SIGN_STYLE = Automatic;
				CURRENT_PROJECT_VERSION = 1;
				GENERATE_INFOPLIST_FILE = YES;
				IPHONEOS_DEPLOYMENT_TARGET = 17.0;
				MARKETING_VERSION = 1.0;
				PRODUCT_BUNDLE_IDENTIFIER = "se.alym.uppgift-3Tests";
				PRODUCT_NAME = "$(TARGET_NAME)";
				SWIFT_EMIT_LOC_STRINGS = NO;
				SWIFT_VERSION = 5.0;
				TARGETED_DEVICE_FAMILY = "1,2";
				TEST_HOST = "$(BUILT_PRODUCTS_DIR)/uppgift-3.app/$(BUNDLE_EXECUTABLE_FOLDER_PATH)/uppgift-3";
			};
			name = Debug;
		};
		65B166082AD31EEE00367146 /* Release */ = {
			isa = XCBuildConfiguration;
			buildSettings = {
				ALWAYS_EMBED_SWIFT_STANDARD_LIBRARIES = YES;
				BUNDLE_LOADER = "$(TEST_HOST)";
				CODE_SIGN_STYLE = Automatic;
				CURRENT_PROJECT_VERSION = 1;
				GENERATE_INFOPLIST_FILE = YES;
				IPHONEOS_DEPLOYMENT_TARGET = 17.0;
				MARKETING_VERSION = 1.0;
				PRODUCT_BUNDLE_IDENTIFIER = "se.alym.uppgift-3Tests";
				PRODUCT_NAME = "$(TARGET_NAME)";
				SWIFT_EMIT_LOC_STRINGS = NO;
				SWIFT_VERSION = 5.0;
				TARGETED_DEVICE_FAMILY = "1,2";
				TEST_HOST = "$(BUILT_PRODUCTS_DIR)/uppgift-3.app/$(BUNDLE_EXECUTABLE_FOLDER_PATH)/uppgift-3";
			};
			name = Release;
		};
		65B1660A2AD31EEE00367146 /* Debug */ = {
			isa = XCBuildConfiguration;
			buildSettings = {
				ALWAYS_EMBED_SWIFT_STANDARD_LIBRARIES = YES;
				CODE_SIGN_STYLE = Automatic;
				CURRENT_PROJECT_VERSION = 1;
				GENERATE_INFOPLIST_FILE = YES;
				MARKETING_VERSION = 1.0;
				PRODUCT_BUNDLE_IDENTIFIER = "se.alym.uppgift-3UITests";
				PRODUCT_NAME = "$(TARGET_NAME)";
				SWIFT_EMIT_LOC_STRINGS = NO;
				SWIFT_VERSION = 5.0;
				TARGETED_DEVICE_FAMILY = "1,2";
				TEST_TARGET_NAME = "uppgift-3";
			};
			name = Debug;
		};
		65B1660B2AD31EEE00367146 /* Release */ = {
			isa = XCBuildConfiguration;
			buildSettings = {
				ALWAYS_EMBED_SWIFT_STANDARD_LIBRARIES = YES;
				CODE_SIGN_STYLE = Automatic;
				CURRENT_PROJECT_VERSION = 1;
				GENERATE_INFOPLIST_FILE = YES;
				MARKETING_VERSION = 1.0;
				PRODUCT_BUNDLE_IDENTIFIER = "se.alym.uppgift-3UITests";
				PRODUCT_NAME = "$(TARGET_NAME)";
				SWIFT_EMIT_LOC_STRINGS = NO;
				SWIFT_VERSION = 5.0;
				TARGETED_DEVICE_FAMILY = "1,2";
				TEST_TARGET_NAME = "uppgift-3";
			};
			name = Release;
		};
/* End XCBuildConfiguration section */

/* Begin XCConfigurationList section */
		65B165DA2AD31EEC00367146 /* Build configuration list for PBXProject "uppgift-3" */ = {
			isa = XCConfigurationList;
			buildConfigurations = (
				65B166012AD31EEE00367146 /* Debug */,
				65B166022AD31EEE00367146 /* Release */,
			);
			defaultConfigurationIsVisible = 0;
			defaultConfigurationName = Release;
		};
		65B166032AD31EEE00367146 /* Build configuration list for PBXNativeTarget "uppgift-3" */ = {
			isa = XCConfigurationList;
			buildConfigurations = (
				65B166042AD31EEE00367146 /* Debug */,
				65B166052AD31EEE00367146 /* Release */,
			);
			defaultConfigurationIsVisible = 0;
			defaultConfigurationName = Release;
		};
		65B166062AD31EEE00367146 /* Build configuration list for PBXNativeTarget "uppgift-3Tests" */ = {
			isa = XCConfigurationList;
			buildConfigurations = (
				65B166072AD31EEE00367146 /* Debug */,
				65B166082AD31EEE00367146 /* Release */,
			);
			defaultConfigurationIsVisible = 0;
			defaultConfigurationName = Release;
		};
		65B166092AD31EEE00367146 /* Build configuration list for PBXNativeTarget "uppgift-3UITests" */ = {
			isa = XCConfigurationList;
			buildConfigurations = (
				65B1660A2AD31EEE00367146 /* Debug */,
				65B1660B2AD31EEE00367146 /* Release */,
			);
			defaultConfigurationIsVisible = 0;
			defaultConfigurationName = Release;
		};
/* End XCConfigurationList section */
	};
	rootObject = 65B165D72AD31EEC00367146 /* Project object */;
}
